<?xml version="1.0" encoding="utf-8"?>
<Project ToolsVersion="4.0" xmlns="http://schemas.microsoft.com/developer/msbuild/2003">
  <ItemGroup>
    <Filter Include="Source Files">
      <UniqueIdentifier>{4FC737F1-C7A5-4376-A066-2A32D752A2FF}</UniqueIdentifier>
      <Extensions>cpp;c;cc;cxx;def;odl;idl;hpj;bat;asm;asmx</Extensions>
    </Filter>
    <Filter Include="Header Files">
      <UniqueIdentifier>{93995380-89BD-4b04-88EB-625FBE52EBFB}</UniqueIdentifier>
      <Extensions>h;hpp;hxx;hm;inl;inc;xsd</Extensions>
    </Filter>
  </ItemGroup>
  <ItemGroup>
    <ClCompile Include="..\Util\TIFF\tif_aux.c">
      <Filter>Source Files</Filter>
    </ClCompile>
    <ClCompile Include="..\Util\TIFF\tif_close.c">
      <Filter>Source Files</Filter>
    </ClCompile>
    <ClCompile Include="..\Util\TIFF\tif_codec.c">
      <Filter>Source Files</Filter>
    </ClCompile>
    <ClCompile Include="..\Util\TIFF\tif_color.c">
      <Filter>Source Files</Filter>
    </ClCompile>
    <ClCompile Include="..\Util\TIFF\tif_compress.c">
      <Filter>Source Files</Filter>
    </ClCompile>
    <ClCompile Include="..\Util\TIFF\tif_dir.c">
      <Filter>Source Files</Filter>
    </ClCompile>
    <ClCompile Include="..\Util\TIFF\tif_dirinfo.c">
      <Filter>Source Files</Filter>
    </ClCompile>
    <ClCompile Include="..\Util\TIFF\tif_dirread.c">
      <Filter>Source Files</Filter>
    </ClCompile>
    <ClCompile Include="..\Util\TIFF\tif_dirwrite.c">
      <Filter>Source Files</Filter>
    </ClCompile>
    <ClCompile Include="..\Util\TIFF\tif_dumpmode.c">
      <Filter>Source Files</Filter>
    </ClCompile>
    <ClCompile Include="..\Util\TIFF\tif_error.c">
      <Filter>Source Files</Filter>
    </ClCompile>
    <ClCompile Include="..\Util\TIFF\tif_extension.c">
      <Filter>Source Files</Filter>
    </ClCompile>
    <ClCompile Include="..\Util\TIFF\tif_fax3.c">
      <Filter>Source Files</Filter>
    </ClCompile>
    <ClCompile Include="..\Util\TIFF\tif_fax3sm.c">
      <Filter>Source Files</Filter>
    </ClCompile>
    <ClCompile Include="..\Util\TIFF\tif_flush.c">
      <Filter>Source Files</Filter>
    </ClCompile>
    <ClCompile Include="..\Util\TIFF\tif_getimage.c">
      <Filter>Source Files</Filter>
    </ClCompile>
    <ClCompile Include="..\Util\TIFF\tif_jpeg.c">
      <Filter>Source Files</Filter>
    </ClCompile>
    <ClCompile Include="..\Util\TIFF\tif_luv.c">
      <Filter>Source Files</Filter>
    </ClCompile>
    <ClCompile Include="..\Util\TIFF\tif_lzw.c">
      <Filter>Source Files</Filter>
    </ClCompile>
    <ClCompile Include="..\Util\TIFF\tif_next.c">
      <Filter>Source Files</Filter>
    </ClCompile>
    <ClCompile Include="..\Util\TIFF\tif_ojpeg.c">
      <Filter>Source Files</Filter>
    </ClCompile>
    <ClCompile Include="..\Util\TIFF\tif_open.c">
      <Filter>Source Files</Filter>
    </ClCompile>
    <ClCompile Include="..\Util\TIFF\tif_packbits.c">
      <Filter>Source Files</Filter>
    </ClCompile>
    <ClCompile Include="..\Util\TIFF\tif_pixarlog.c">
      <Filter>Source Files</Filter>
    </ClCompile>
    <ClCompile Include="..\Util\TIFF\tif_predict.c">
      <Filter>Source Files</Filter>
    </ClCompile>
    <ClCompile Include="..\Util\TIFF\tif_print.c">
      <Filter>Source Files</Filter>
    </ClCompile>
    <ClCompile Include="..\Util\TIFF\tif_read.c">
      <Filter>Source Files</Filter>
    </ClCompile>
    <ClCompile Include="..\Util\TIFF\tif_stream.cxx">
      <Filter>Source Files</Filter>
    </ClCompile>
    <ClCompile Include="..\Util\TIFF\tif_strip.c">
      <Filter>Source Files</Filter>
    </ClCompile>
    <ClCompile Include="..\Util\TIFF\tif_swab.c">
      <Filter>Source Files</Filter>
    </ClCompile>
    <ClCompile Include="..\Util\TIFF\tif_thunder.c">
      <Filter>Source Files</Filter>
    </ClCompile>
    <ClCompile Include="..\Util\TIFF\tif_tile.c">
      <Filter>Source Files</Filter>
    </ClCompile>
    <ClCompile Include="..\Util\TIFF\tif_version.c">
      <Filter>Source Files</Filter>
    </ClCompile>
    <ClCompile Include="..\Util\TIFF\tif_warning.c">
      <Filter>Source Files</Filter>
    </ClCompile>
    <ClCompile Include="..\Util\TIFF\tif_win32.c">
      <Filter>Source Files</Filter>
    </ClCompile>
    <ClCompile Include="..\Util\TIFF\tif_write.c">
      <Filter>Source Files</Filter>
    </ClCompile>
    <ClCompile Include="..\Util\TIFF\tif_zip.c">
      <Filter>Source Files</Filter>
    </ClCompile>
  </ItemGroup>
  <ItemGroup>
    <ClInclude Include="..\Util\TIFF\t4.h">
      <Filter>Header Files</Filter>
    </ClInclude>
    <ClInclude Include="..\Util\TIFF\tif_config.h">
      <Filter>Header Files</Filter>
    </ClInclude>
    <ClInclude Include="..\Util\TIFF\tif_dir.h">
      <Filter>Header Files</Filter>
    </ClInclude>
    <ClInclude Include="..\Util\TIFF\tif_fax3.h">
      <Filter>Header Files</Filter>
    </ClInclude>
    <ClInclude Include="..\Util\TIFF\tif_predict.h">
      <Filter>Header Files</Filter>
    </ClInclude>
    <ClInclude Include="..\Util\TIFF\tiff.h">
      <Filter>Header Files</Filter>
    </ClInclude>
    <ClInclude Include="..\Util\TIFF\tiffconf.h">
      <Filter>Header Files</Filter>
    </ClInclude>
    <ClInclude Include="..\Util\TIFF\tiffio.h">
      <Filter>Header Files</Filter>
    </ClInclude>
    <ClInclude Include="..\Util\TIFF\tiffio.hxx">
      <Filter>Header Files</Filter>
    </ClInclude>
    <ClInclude Include="..\Util\TIFF\tiffiop.h">
      <Filter>Header Files</Filter>
    </ClInclude>
    <ClInclude Include="..\Util\TIFF\tiffvers.h">
      <Filter>Header Files</Filter>
    </ClInclude>
    <ClInclude Include="..\Util\TIFF\uvcode.h">
      <Filter>Header Files</Filter>
    </ClInclude>
  </ItemGroup>
</Project>