<?xml version="1.0" encoding="utf-8"?>
<Project ToolsVersion="4.0" xmlns="http://schemas.microsoft.com/developer/msbuild/2003">
  <ItemGroup>
    <Filter Include="Source Files">
      <UniqueIdentifier>{4FC737F1-C7A5-4376-A066-2A32D752A2FF}</UniqueIdentifier>
      <Extensions>cpp;c;cc;cxx;def;odl;idl;hpj;bat;asm;asmx</Extensions>
    </Filter>
    <Filter Include="Header Files">
      <UniqueIdentifier>{93995380-89BD-4b04-88EB-625FBE52EBFB}</UniqueIdentifier>
      <Extensions>h;hpp;hxx;hm;inl;inc;xsd</Extensions>
    </Filter>
  </ItemGroup>
  <ItemGroup>
    <ClCompile Include="..\Util\ZLIB\adler32.c">
      <Filter>Source Files</Filter>
    </ClCompile>
    <ClCompile Include="..\Util\ZLIB\compress.c">
      <Filter>Source Files</Filter>
    </ClCompile>
    <ClCompile Include="..\Util\ZLIB\crc32.c">
      <Filter>Source Files</Filter>
    </ClCompile>
    <ClCompile Include="..\Util\ZLIB\deflate.c">
      <Filter>Source Files</Filter>
    </ClCompile>
    <ClCompile Include="..\Util\ZLIB\gzio.c">
      <Filter>Source Files</Filter>
    </ClCompile>
    <ClCompile Include="..\Util\ZLIB\infblock.c">
      <Filter>Source Files</Filter>
    </ClCompile>
    <ClCompile Include="..\Util\ZLIB\infcodes.c">
      <Filter>Source Files</Filter>
    </ClCompile>
    <ClCompile Include="..\Util\ZLIB\inffast.c">
      <Filter>Source Files</Filter>
    </ClCompile>
    <ClCompile Include="..\Util\ZLIB\inflate.c">
      <Filter>Source Files</Filter>
    </ClCompile>
    <ClCompile Include="..\Util\ZLIB\inftrees.c">
      <Filter>Source Files</Filter>
    </ClCompile>
    <ClCompile Include="..\Util\ZLIB\infutil.c">
      <Filter>Source Files</Filter>
    </ClCompile>
    <ClCompile Include="..\Util\ZLIB\trees.c">
      <Filter>Source Files</Filter>
    </ClCompile>
    <ClCompile Include="..\Util\ZLIB\uncompr.c">
      <Filter>Source Files</Filter>
    </ClCompile>
    <ClCompile Include="..\Util\ZLIB\zutil.c">
      <Filter>Source Files</Filter>
    </ClCompile>
  </ItemGroup>
  <ItemGroup>
    <ClInclude Include="..\Util\ZLIB\deflate.h">
      <Filter>Header Files</Filter>
    </ClInclude>
    <ClInclude Include="..\Util\ZLIB\infblock.h">
      <Filter>Header Files</Filter>
    </ClInclude>
    <ClInclude Include="..\Util\ZLIB\infcodes.h">
      <Filter>Header Files</Filter>
    </ClInclude>
    <ClInclude Include="..\Util\ZLIB\inffast.h">
      <Filter>Header Files</Filter>
    </ClInclude>
    <ClInclude Include="..\Util\ZLIB\inffixed.h">
      <Filter>Header Files</Filter>
    </ClInclude>
    <ClInclude Include="..\Util\ZLIB\inftrees.h">
      <Filter>Header Files</Filter>
    </ClInclude>
    <ClInclude Include="..\Util\ZLIB\infutil.h">
      <Filter>Header Files</Filter>
    </ClInclude>
    <ClInclude Include="..\Util\ZLIB\trees.h">
      <Filter>Header Files</Filter>
    </ClInclude>
    <ClInclude Include="..\Util\ZLIB\zconf.h">
      <Filter>Header Files</Filter>
    </ClInclude>
    <ClInclude Include="..\Util\ZLIB\zlib.h">
      <Filter>Header Files</Filter>
    </ClInclude>
    <ClInclude Include="..\Util\ZLIB\zutil.h">
      <Filter>Header Files</Filter>
    </ClInclude>
  </ItemGroup>
</Project>